// !$*UTF8*$!
{
	archiveVersion = 1;
	classes = {
	};
	objectVersion = 50;
	objects = {

/* Begin PBXBuildFile section */
		DDBBD93824257AD500D64191 /* AppDelegate.swift in Sources */ = {isa = PBXBuildFile; fileRef = DDBBD93724257AD500D64191 /* AppDelegate.swift */; };
		DDBBD93A24257AD500D64191 /* SceneDelegate.swift in Sources */ = {isa = PBXBuildFile; fileRef = DDBBD93924257AD500D64191 /* SceneDelegate.swift */; };
		DDBBD93C24257AD500D64191 /* ViewController.swift in Sources */ = {isa = PBXBuildFile; fileRef = DDBBD93B24257AD500D64191 /* ViewController.swift */; };
		DDBBD93F24257AD500D64191 /* Main.storyboard in Resources */ = {isa = PBXBuildFile; fileRef = DDBBD93D24257AD500D64191 /* Main.storyboard */; };
		DDBBD94124257AD900D64191 /* Assets.xcassets in Resources */ = {isa = PBXBuildFile; fileRef = DDBBD94024257AD900D64191 /* Assets.xcassets */; };
		DDBBD94424257AD900D64191 /* LaunchScreen.storyboard in Resources */ = {isa = PBXBuildFile; fileRef = DDBBD94224257AD900D64191 /* LaunchScreen.storyboard */; };
		DDBBD94D24261D7100D64191 /* EffectButtonView.swift in Sources */ = {isa = PBXBuildFile; fileRef = DDBBD94C24261D7100D64191 /* EffectButtonView.swift */; };
		DDBBD9502426222100D64191 /* HelperViewController.swift in Sources */ = {isa = PBXBuildFile; fileRef = DDBBD94F2426222100D64191 /* HelperViewController.swift */; };
		DDBBD952242622F000D64191 /* HelpSearchViewController.swift in Sources */ = {isa = PBXBuildFile; fileRef = DDBBD951242622F000D64191 /* HelpSearchViewController.swift */; };
/* End PBXBuildFile section */

/* Begin PBXFileReference section */
		DDBBD93424257AD500D64191 /* Carry On.app */ = {isa = PBXFileReference; explicitFileType = wrapper.application; includeInIndex = 0; path = "Carry On.app"; sourceTree = BUILT_PRODUCTS_DIR; };
		DDBBD93724257AD500D64191 /* AppDelegate.swift */ = {isa = PBXFileReference; lastKnownFileType = sourcecode.swift; path = AppDelegate.swift; sourceTree = "<group>"; };
		DDBBD93924257AD500D64191 /* SceneDelegate.swift */ = {isa = PBXFileReference; lastKnownFileType = sourcecode.swift; path = SceneDelegate.swift; sourceTree = "<group>"; };
		DDBBD93B24257AD500D64191 /* ViewController.swift */ = {isa = PBXFileReference; lastKnownFileType = sourcecode.swift; path = ViewController.swift; sourceTree = "<group>"; };
		DDBBD93E24257AD500D64191 /* Base */ = {isa = PBXFileReference; lastKnownFileType = file.storyboard; name = Base; path = Base.lproj/Main.storyboard; sourceTree = "<group>"; };
		DDBBD94024257AD900D64191 /* Assets.xcassets */ = {isa = PBXFileReference; lastKnownFileType = folder.assetcatalog; path = Assets.xcassets; sourceTree = "<group>"; };
		DDBBD94324257AD900D64191 /* Base */ = {isa = PBXFileReference; lastKnownFileType = file.storyboard; name = Base; path = Base.lproj/LaunchScreen.storyboard; sourceTree = "<group>"; };
		DDBBD94524257AD900D64191 /* Info.plist */ = {isa = PBXFileReference; lastKnownFileType = text.plist.xml; path = Info.plist; sourceTree = "<group>"; };
		DDBBD94C24261D7100D64191 /* EffectButtonView.swift */ = {isa = PBXFileReference; lastKnownFileType = sourcecode.swift; path = EffectButtonView.swift; sourceTree = "<group>"; };
		DDBBD94F2426222100D64191 /* HelperViewController.swift */ = {isa = PBXFileReference; lastKnownFileType = sourcecode.swift; path = HelperViewController.swift; sourceTree = "<group>"; };
		DDBBD951242622F000D64191 /* HelpSearchViewController.swift */ = {isa = PBXFileReference; lastKnownFileType = sourcecode.swift; path = HelpSearchViewController.swift; sourceTree = "<group>"; };
/* End PBXFileReference section */

/* Begin PBXFrameworksBuildPhase section */
		DDBBD93124257AD500D64191 /* Frameworks */ = {
			isa = PBXFrameworksBuildPhase;
			buildActionMask = 2147483647;
			files = (
			);
			runOnlyForDeploymentPostprocessing = 0;
		};
/* End PBXFrameworksBuildPhase section */

/* Begin PBXGroup section */
		DDBBD92B24257AD500D64191 = {
			isa = PBXGroup;
			children = (
				DDBBD93624257AD500D64191 /* Carry On */,
				DDBBD93524257AD500D64191 /* Products */,
			);
			sourceTree = "<group>";
		};
		DDBBD93524257AD500D64191 /* Products */ = {
			isa = PBXGroup;
			children = (
				DDBBD93424257AD500D64191 /* Carry On.app */,
			);
			name = Products;
			sourceTree = "<group>";
		};
		DDBBD93624257AD500D64191 /* Carry On */ = {
			isa = PBXGroup;
			children = (
				DDBBD94E2426221200D64191 /* Controllers */,
				DDBBD94B24261D3200D64191 /* Views */,
				DDBBD93724257AD500D64191 /* AppDelegate.swift */,
				DDBBD93924257AD500D64191 /* SceneDelegate.swift */,
				DDBBD93D24257AD500D64191 /* Main.storyboard */,
				DDBBD94024257AD900D64191 /* Assets.xcassets */,
				DDBBD94224257AD900D64191 /* LaunchScreen.storyboard */,
				DDBBD94524257AD900D64191 /* Info.plist */,
			);
			path = "Carry On";
			sourceTree = "<group>";
		};
		DDBBD94B24261D3200D64191 /* Views */ = {
			isa = PBXGroup;
			children = (
				DDBBD94C24261D7100D64191 /* EffectButtonView.swift */,
			);
			path = Views;
			sourceTree = "<group>";
		};
		DDBBD94E2426221200D64191 /* Controllers */ = {
			isa = PBXGroup;
			children = (
				DDBBD93B24257AD500D64191 /* ViewController.swift */,
				DDBBD94F2426222100D64191 /* HelperViewController.swift */,
				DDBBD951242622F000D64191 /* HelpSearchViewController.swift */,
			);
			path = Controllers;
			sourceTree = "<group>";
		};
/* End PBXGroup section */

/* Begin PBXNativeTarget section */
		DDBBD93324257AD500D64191 /* Carry On */ = {
			isa = PBXNativeTarget;
			buildConfigurationList = DDBBD94824257AD900D64191 /* Build configuration list for PBXNativeTarget "Carry On" */;
			buildPhases = (
				DDBBD93024257AD500D64191 /* Sources */,
				DDBBD93124257AD500D64191 /* Frameworks */,
				DDBBD93224257AD500D64191 /* Resources */,
			);
			buildRules = (
			);
			dependencies = (
			);
			name = "Carry On";
			productName = "Carry On";
			productReference = DDBBD93424257AD500D64191 /* Carry On.app */;
			productType = "com.apple.product-type.application";
		};
/* End PBXNativeTarget section */

/* Begin PBXProject section */
		DDBBD92C24257AD500D64191 /* Project object */ = {
			isa = PBXProject;
			attributes = {
				LastSwiftUpdateCheck = 1130;
				LastUpgradeCheck = 1130;
				ORGANIZATIONNAME = Jonas;
				TargetAttributes = {
					DDBBD93324257AD500D64191 = {
						CreatedOnToolsVersion = 11.3;
					};
				};
			};
			buildConfigurationList = DDBBD92F24257AD500D64191 /* Build configuration list for PBXProject "Carry On" */;
			compatibilityVersion = "Xcode 9.3";
			developmentRegion = en;
			hasScannedForEncodings = 0;
			knownRegions = (
				en,
				Base,
			);
			mainGroup = DDBBD92B24257AD500D64191;
			productRefGroup = DDBBD93524257AD500D64191 /* Products */;
			projectDirPath = "";
			projectRoot = "";
			targets = (
				DDBBD93324257AD500D64191 /* Carry On */,
			);
		};
/* End PBXProject section */

/* Begin PBXResourcesBuildPhase section */
		DDBBD93224257AD500D64191 /* Resources */ = {
			isa = PBXResourcesBuildPhase;
			buildActionMask = 2147483647;
			files = (
				DDBBD94424257AD900D64191 /* LaunchScreen.storyboard in Resources */,
				DDBBD94124257AD900D64191 /* Assets.xcassets in Resources */,
				DDBBD93F24257AD500D64191 /* Main.storyboard in Resources */,
			);
			runOnlyForDeploymentPostprocessing = 0;
		};
/* End PBXResourcesBuildPhase section */

/* Begin PBXSourcesBuildPhase section */
		DDBBD93024257AD500D64191 /* Sources */ = {
			isa = PBXSourcesBuildPhase;
			buildActionMask = 2147483647;
			files = (
				DDBBD952242622F000D64191 /* HelpSearchViewController.swift in Sources */,
				DDBBD93C24257AD500D64191 /* ViewController.swift in Sources */,
				DDBBD94D24261D7100D64191 /* EffectButtonView.swift in Sources */,
				DDBBD93824257AD500D64191 /* AppDelegate.swift in Sources */,
				DDBBD93A24257AD500D64191 /* SceneDelegate.swift in Sources */,
				DDBBD9502426222100D64191 /* HelperViewController.swift in Sources */,
			);
			runOnlyForDeploymentPostprocessing = 0;
		};
/* End PBXSourcesBuildPhase section */

/* Begin PBXVariantGroup section */
		DDBBD93D24257AD500D64191 /* Main.storyboard */ = {
			isa = PBXVariantGroup;
			children = (
				DDBBD93E24257AD500D64191 /* Base */,
			);
			name = Main.storyboard;
			sourceTree = "<group>";
		};
		DDBBD94224257AD900D64191 /* LaunchScreen.storyboard */ = {
			isa = PBXVariantGroup;
			children = (
				DDBBD94324257AD900D64191 /* Base */,
			);
			name = LaunchScreen.storyboard;
			sourceTree = "<group>";
		};
/* End PBXVariantGroup section */

/* Begin XCBuildConfiguration section */
		DDBBD94624257AD900D64191 /* Debug */ = {
			isa = XCBuildConfiguration;
			buildSettings = {
				ALWAYS_SEARCH_USER_PATHS = NO;
				CLANG_ANALYZER_NONNULL = YES;
				CLANG_ANALYZER_NUMBER_OBJECT_CONVERSION = YES_AGGRESSIVE;
				CLANG_CXX_LANGUAGE_STANDARD = "gnu++14";
				CLANG_CXX_LIBRARY = "libc++";
				CLANG_ENABLE_MODULES = YES;
				CLANG_ENABLE_OBJC_ARC = YES;
				CLANG_ENABLE_OBJC_WEAK = YES;
				CLANG_WARN_BLOCK_CAPTURE_AUTORELEASING = YES;
				CLANG_WARN_BOOL_CONVERSION = YES;
				CLANG_WARN_COMMA = YES;
				CLANG_WARN_CONSTANT_CONVERSION = YES;
				CLANG_WARN_DEPRECATED_OBJC_IMPLEMENTATIONS = YES;
				CLANG_WARN_DIRECT_OBJC_ISA_USAGE = YES_ERROR;
				CLANG_WARN_DOCUMENTATION_COMMENTS = YES;
				CLANG_WARN_EMPTY_BODY = YES;
				CLANG_WARN_ENUM_CONVERSION = YES;
				CLANG_WARN_INFINITE_RECURSION = YES;
				CLANG_WARN_INT_CONVERSION = YES;
				CLANG_WARN_NON_LITERAL_NULL_CONVERSION = YES;
				CLANG_WARN_OBJC_IMPLICIT_RETAIN_SELF = YES;
				CLANG_WARN_OBJC_LITERAL_CONVERSION = YES;
				CLANG_WARN_OBJC_ROOT_CLASS = YES_ERROR;
				CLANG_WARN_RANGE_LOOP_ANALYSIS = YES;
				CLANG_WARN_STRICT_PROTOTYPES = YES;
				CLANG_WARN_SUSPICIOUS_MOVE = YES;
				CLANG_WARN_UNGUARDED_AVAILABILITY = YES_AGGRESSIVE;
				CLANG_WARN_UNREACHABLE_CODE = YES;
				CLANG_WARN__DUPLICATE_METHOD_MATCH = YES;
				COPY_PHASE_STRIP = NO;
				DEBUG_INFORMATION_FORMAT = dwarf;
				ENABLE_STRICT_OBJC_MSGSEND = YES;
				ENABLE_TESTABILITY = YES;
				GCC_C_LANGUAGE_STANDARD = gnu11;
				GCC_DYNAMIC_NO_PIC = NO;
				GCC_NO_COMMON_BLOCKS = YES;
				GCC_OPTIMIZATION_LEVEL = 0;
				GCC_PREPROCESSOR_DEFINITIONS = (
					"DEBUG=1",
					"$(inherited)",
				);
				GCC_WARN_64_TO_32_BIT_CONVERSION = YES;
				GCC_WARN_ABOUT_RETURN_TYPE = YES_ERROR;
				GCC_WARN_UNDECLARED_SELECTOR = YES;
				GCC_WARN_UNINITIALIZED_AUTOS = YES_AGGRESSIVE;
				GCC_WARN_UNUSED_FUNCTION = YES;
				GCC_WARN_UNUSED_VARIABLE = YES;
				IPHONEOS_DEPLOYMENT_TARGET = 13.2;
				MTL_ENABLE_DEBUG_INFO = INCLUDE_SOURCE;
				MTL_FAST_MATH = YES;
				ONLY_ACTIVE_ARCH = YES;
				SDKROOT = iphoneos;
				SWIFT_ACTIVE_COMPILATION_CONDITIONS = DEBUG;
				SWIFT_OPTIMIZATION_LEVEL = "-Onone";
			};
			name = Debug;
		};
		DDBBD94724257AD900D64191 /* Release */ = {
			isa = XCBuildConfiguration;
			buildSettings = {
				ALWAYS_SEARCH_USER_PATHS = NO;
				CLANG_ANALYZER_NONNULL = YES;
				CLANG_ANALYZER_NUMBER_OBJECT_CONVERSION = YES_AGGRESSIVE;
				CLANG_CXX_LANGUAGE_STANDARD = "gnu++14";
				CLANG_CXX_LIBRARY = "libc++";
				CLANG_ENABLE_MODULES = YES;
				CLANG_ENABLE_OBJC_ARC = YES;
				CLANG_ENABLE_OBJC_WEAK = YES;
				CLANG_WARN_BLOCK_CAPTURE_AUTORELEASING = YES;
				CLANG_WARN_BOOL_CONVERSION = YES;
				CLANG_WARN_COMMA = YES;
				CLANG_WARN_CONSTANT_CONVERSION = YES;
				CLANG_WARN_DEPRECATED_OBJC_IMPLEMENTATIONS = YES;
				CLANG_WARN_DIRECT_OBJC_ISA_USAGE = YES_ERROR;
				CLANG_WARN_DOCUMENTATION_COMMENTS = YES;
				CLANG_WARN_EMPTY_BODY = YES;
				CLANG_WARN_ENUM_CONVERSION = YES;
				CLANG_WARN_INFINITE_RECURSION = YES;
				CLANG_WARN_INT_CONVERSION = YES;
				CLANG_WARN_NON_LITERAL_NULL_CONVERSION = YES;
				CLANG_WARN_OBJC_IMPLICIT_RETAIN_SELF = YES;
				CLANG_WARN_OBJC_LITERAL_CONVERSION = YES;
				CLANG_WARN_OBJC_ROOT_CLASS = YES_ERROR;
				CLANG_WARN_RANGE_LOOP_ANALYSIS = YES;
				CLANG_WARN_STRICT_PROTOTYPES = YES;
				CLANG_WARN_SUSPICIOUS_MOVE = YES;
				CLANG_WARN_UNGUARDED_AVAILABILITY = YES_AGGRESSIVE;
				CLANG_WARN_UNREACHABLE_CODE = YES;
				CLANG_WARN__DUPLICATE_METHOD_MATCH = YES;
				COPY_PHASE_STRIP = NO;
				DEBUG_INFORMATION_FORMAT = "dwarf-with-dsym";
				ENABLE_NS_ASSERTIONS = NO;
				ENABLE_STRICT_OBJC_MSGSEND = YES;
				GCC_C_LANGUAGE_STANDARD = gnu11;
				GCC_NO_COMMON_BLOCKS = YES;
				GCC_WARN_64_TO_32_BIT_CONVERSION = YES;
				GCC_WARN_ABOUT_RETURN_TYPE = YES_ERROR;
				GCC_WARN_UNDECLARED_SELECTOR = YES;
				GCC_WARN_UNINITIALIZED_AUTOS = YES_AGGRESSIVE;
				GCC_WARN_UNUSED_FUNCTION = YES;
				GCC_WARN_UNUSED_VARIABLE = YES;
				IPHONEOS_DEPLOYMENT_TARGET = 13.2;
				MTL_ENABLE_DEBUG_INFO = NO;
				MTL_FAST_MATH = YES;
				SDKROOT = iphoneos;
				SWIFT_COMPILATION_MODE = wholemodule;
				SWIFT_OPTIMIZATION_LEVEL = "-O";
				VALIDATE_PRODUCT = YES;
			};
			name = Release;
		};
		DDBBD94924257AD900D64191 /* Debug */ = {
			isa = XCBuildConfiguration;
			buildSettings = {
				ASSETCATALOG_COMPILER_APPICON_NAME = AppIcon;
				CODE_SIGN_STYLE = Automatic;
				DEVELOPMENT_TEAM = 2G96VK3N8N;
				INFOPLIST_FILE = "Carry On/Info.plist";
				IPHONEOS_DEPLOYMENT_TARGET = 11.4;
				LD_RUNPATH_SEARCH_PATHS = (
					"$(inherited)",
					"@executable_path/Frameworks",
				);
				PRODUCT_BUNDLE_IDENTIFIER = "jlts.Carry-On";
				PRODUCT_NAME = "$(TARGET_NAME)";
				SWIFT_VERSION = 5.0;
				TARGETED_DEVICE_FAMILY = "1,2";
			};
			name = Debug;
		};
		DDBBD94A24257AD900D64191 /* Release */ = {
			isa = XCBuildConfiguration;
			buildSettings = {
				ASSETCATALOG_COMPILER_APPICON_NAME = AppIcon;
				CODE_SIGN_STYLE = Automatic;
				DEVELOPMENT_TEAM = 2G96VK3N8N;
				INFOPLIST_FILE = "Carry On/Info.plist";
				IPHONEOS_DEPLOYMENT_TARGET = 11.4;
				LD_RUNPATH_SEARCH_PATHS = (
					"$(inherited)",
					"@executable_path/Frameworks",
				);
				PRODUCT_BUNDLE_IDENTIFIER = "jlts.Carry-On";
				PRODUCT_NAME = "$(TARGET_NAME)";
				SWIFT_VERSION = 5.0;
				TARGETED_DEVICE_FAMILY = "1,2";
			};
			name = Release;
		};
/* End XCBuildConfiguration section */

/* Begin XCConfigurationList section */
		DDBBD92F24257AD500D64191 /* Build configuration list for PBXProject "Carry On" */ = {
			isa = XCConfigurationList;
			buildConfigurations = (
				DDBBD94624257AD900D64191 /* Debug */,
				DDBBD94724257AD900D64191 /* Release */,
			);
			defaultConfigurationIsVisible = 0;
			defaultConfigurationName = Release;
		};
		DDBBD94824257AD900D64191 /* Build configuration list for PBXNativeTarget "Carry On" */ = {
			isa = XCConfigurationList;
			buildConfigurations = (
				DDBBD94924257AD900D64191 /* Debug */,
				DDBBD94A24257AD900D64191 /* Release */,
			);
			defaultConfigurationIsVisible = 0;
			defaultConfigurationName = Release;
		};
/* End XCConfigurationList section */
	};
	rootObject = DDBBD92C24257AD500D64191 /* Project object */;
}
